<?xml version="1.0" encoding="utf-8"?>
<Project ToolsVersion="4.0" xmlns="http://schemas.microsoft.com/developer/msbuild/2003">
  <ItemGroup>
    <ClCompile Include="Example.cpp" />
  </ItemGroup>
  <ItemGroup>
    <ResourceCompile Include="Version.rc" />
  </ItemGroup>
  <ItemGroup>
    <Filter Include="Common">
      <UniqueIdentifier>{b2ce6b9f-b2ee-4a47-a393-f4f40e885825}</UniqueIdentifier>
    </Filter>
  </ItemGroup>
</Project>